// !$*UTF8*$!
{
	archiveVersion = 1;
	classes = {
	};
	objectVersion = 50;
	objects = {

/* Begin PBXBuildFile section */
		DD894A3823CB31A700005DAD /* AppDelegate.swift in Sources */ = {isa = PBXBuildFile; fileRef = DD894A3723CB31A700005DAD /* AppDelegate.swift */; };
		DD894A3A23CB31A700005DAD /* SceneDelegate.swift in Sources */ = {isa = PBXBuildFile; fileRef = DD894A3923CB31A700005DAD /* SceneDelegate.swift */; };
		DD894A3C23CB31A700005DAD /* DeviceViewController.swift in Sources */ = {isa = PBXBuildFile; fileRef = DD894A3B23CB31A700005DAD /* DeviceViewController.swift */; };
		DD894A3F23CB31A700005DAD /* Main.storyboard in Resources */ = {isa = PBXBuildFile; fileRef = DD894A3D23CB31A700005DAD /* Main.storyboard */; };
		DD894A4123CB31AB00005DAD /* Assets.xcassets in Resources */ = {isa = PBXBuildFile; fileRef = DD894A4023CB31AB00005DAD /* Assets.xcassets */; };
		DD894A4423CB31AB00005DAD /* LaunchScreen.storyboard in Resources */ = {isa = PBXBuildFile; fileRef = DD894A4223CB31AB00005DAD /* LaunchScreen.storyboard */; };
		DD894A4C23CF698100005DAD /* Device.swift in Sources */ = {isa = PBXBuildFile; fileRef = DD894A4B23CF698100005DAD /* Device.swift */; };
		DD894A4E23CF7EA800005DAD /* DeviceCollectionViewCell.swift in Sources */ = {isa = PBXBuildFile; fileRef = DD894A4D23CF7EA800005DAD /* DeviceCollectionViewCell.swift */; };
		DD96C29523D61C0B004027EC /* UserSettings.swift in Sources */ = {isa = PBXBuildFile; fileRef = DD96C29423D61C0B004027EC /* UserSettings.swift */; };
		DD96C29723D621CB004027EC /* CoreDataStack.swift in Sources */ = {isa = PBXBuildFile; fileRef = DD96C29623D621CB004027EC /* CoreDataStack.swift */; };
		DDDBA21B23D53CBC006460BA /* DeviceModel.xcdatamodeld in Sources */ = {isa = PBXBuildFile; fileRef = DDDBA21923D53CBC006460BA /* DeviceModel.xcdatamodeld */; };
/* End PBXBuildFile section */

/* Begin PBXFileReference section */
		DD894A3423CB31A700005DAD /* CollectionViewStickyCells.app */ = {isa = PBXFileReference; explicitFileType = wrapper.application; includeInIndex = 0; path = CollectionViewStickyCells.app; sourceTree = BUILT_PRODUCTS_DIR; };
		DD894A3723CB31A700005DAD /* AppDelegate.swift */ = {isa = PBXFileReference; lastKnownFileType = sourcecode.swift; path = AppDelegate.swift; sourceTree = "<group>"; };
		DD894A3923CB31A700005DAD /* SceneDelegate.swift */ = {isa = PBXFileReference; lastKnownFileType = sourcecode.swift; path = SceneDelegate.swift; sourceTree = "<group>"; };
		DD894A3B23CB31A700005DAD /* DeviceViewController.swift */ = {isa = PBXFileReference; lastKnownFileType = sourcecode.swift; path = DeviceViewController.swift; sourceTree = "<group>"; };
		DD894A3E23CB31A700005DAD /* Base */ = {isa = PBXFileReference; lastKnownFileType = file.storyboard; name = Base; path = Base.lproj/Main.storyboard; sourceTree = "<group>"; };
		DD894A4023CB31AB00005DAD /* Assets.xcassets */ = {isa = PBXFileReference; lastKnownFileType = folder.assetcatalog; path = Assets.xcassets; sourceTree = "<group>"; };
		DD894A4323CB31AB00005DAD /* Base */ = {isa = PBXFileReference; lastKnownFileType = file.storyboard; name = Base; path = Base.lproj/LaunchScreen.storyboard; sourceTree = "<group>"; };
		DD894A4523CB31AB00005DAD /* Info.plist */ = {isa = PBXFileReference; lastKnownFileType = text.plist.xml; path = Info.plist; sourceTree = "<group>"; };
		DD894A4B23CF698100005DAD /* Device.swift */ = {isa = PBXFileReference; lastKnownFileType = sourcecode.swift; path = Device.swift; sourceTree = "<group>"; };
		DD894A4D23CF7EA800005DAD /* DeviceCollectionViewCell.swift */ = {isa = PBXFileReference; lastKnownFileType = sourcecode.swift; path = DeviceCollectionViewCell.swift; sourceTree = "<group>"; };
		DD96C29423D61C0B004027EC /* UserSettings.swift */ = {isa = PBXFileReference; lastKnownFileType = sourcecode.swift; path = UserSettings.swift; sourceTree = "<group>"; };
		DD96C29623D621CB004027EC /* CoreDataStack.swift */ = {isa = PBXFileReference; lastKnownFileType = sourcecode.swift; path = CoreDataStack.swift; sourceTree = "<group>"; };
		DDDBA21A23D53CBC006460BA /* DeviceModel.xcdatamodel */ = {isa = PBXFileReference; lastKnownFileType = wrapper.xcdatamodel; path = DeviceModel.xcdatamodel; sourceTree = "<group>"; };
/* End PBXFileReference section */

/* Begin PBXFrameworksBuildPhase section */
		DD894A3123CB31A700005DAD /* Frameworks */ = {
			isa = PBXFrameworksBuildPhase;
			buildActionMask = 2147483647;
			files = (
			);
			runOnlyForDeploymentPostprocessing = 0;
		};
/* End PBXFrameworksBuildPhase section */

/* Begin PBXGroup section */
		DD894A2B23CB31A700005DAD = {
			isa = PBXGroup;
			children = (
				DD894A3623CB31A700005DAD /* CollectionViewStickyCells */,
				DD894A3523CB31A700005DAD /* Products */,
			);
			sourceTree = "<group>";
		};
		DD894A3523CB31A700005DAD /* Products */ = {
			isa = PBXGroup;
			children = (
				DD894A3423CB31A700005DAD /* CollectionViewStickyCells.app */,
			);
			name = Products;
			sourceTree = "<group>";
		};
		DD894A3623CB31A700005DAD /* CollectionViewStickyCells */ = {
			isa = PBXGroup;
			children = (
				DD894A3B23CB31A700005DAD /* DeviceViewController.swift */,
				DD894A4B23CF698100005DAD /* Device.swift */,
				DD894A4D23CF7EA800005DAD /* DeviceCollectionViewCell.swift */,
				DD894A3D23CB31A700005DAD /* Main.storyboard */,
				DD894A4F23CFC10200005DAD /* Supporting Files */,
			);
			path = CollectionViewStickyCells;
			sourceTree = "<group>";
		};
		DD894A4F23CFC10200005DAD /* Supporting Files */ = {
			isa = PBXGroup;
			children = (
				DD894A3723CB31A700005DAD /* AppDelegate.swift */,
				DD894A3923CB31A700005DAD /* SceneDelegate.swift */,
				DD894A4023CB31AB00005DAD /* Assets.xcassets */,
				DD894A4223CB31AB00005DAD /* LaunchScreen.storyboard */,
				DD894A4523CB31AB00005DAD /* Info.plist */,
				DDDBA21923D53CBC006460BA /* DeviceModel.xcdatamodeld */,
				DD96C29423D61C0B004027EC /* UserSettings.swift */,
				DD96C29623D621CB004027EC /* CoreDataStack.swift */,
			);
			path = "Supporting Files";
			sourceTree = "<group>";
		};
/* End PBXGroup section */

/* Begin PBXNativeTarget section */
		DD894A3323CB31A700005DAD /* CollectionViewStickyCells */ = {
			isa = PBXNativeTarget;
			buildConfigurationList = DD894A4823CB31AB00005DAD /* Build configuration list for PBXNativeTarget "CollectionViewStickyCells" */;
			buildPhases = (
				DD894A3023CB31A700005DAD /* Sources */,
				DD894A3123CB31A700005DAD /* Frameworks */,
				DD894A3223CB31A700005DAD /* Resources */,
			);
			buildRules = (
			);
			dependencies = (
			);
			name = CollectionViewStickyCells;
			productName = CollectionViewStickyCells;
			productReference = DD894A3423CB31A700005DAD /* CollectionViewStickyCells.app */;
			productType = "com.apple.product-type.application";
		};
/* End PBXNativeTarget section */

/* Begin PBXProject section */
		DD894A2C23CB31A700005DAD /* Project object */ = {
			isa = PBXProject;
			attributes = {
				LastSwiftUpdateCheck = 1130;
				LastUpgradeCheck = 1130;
				ORGANIZATIONNAME = "Jhonny Bill Mena";
				TargetAttributes = {
					DD894A3323CB31A700005DAD = {
						CreatedOnToolsVersion = 11.3;
					};
				};
			};
			buildConfigurationList = DD894A2F23CB31A700005DAD /* Build configuration list for PBXProject "CollectionViewStickyCells" */;
			compatibilityVersion = "Xcode 9.3";
			developmentRegion = en;
			hasScannedForEncodings = 0;
			knownRegions = (
				en,
				Base,
			);
			mainGroup = DD894A2B23CB31A700005DAD;
			productRefGroup = DD894A3523CB31A700005DAD /* Products */;
			projectDirPath = "";
			projectRoot = "";
			targets = (
				DD894A3323CB31A700005DAD /* CollectionViewStickyCells */,
			);
		};
/* End PBXProject section */

/* Begin PBXResourcesBuildPhase section */
		DD894A3223CB31A700005DAD /* Resources */ = {
			isa = PBXResourcesBuildPhase;
			buildActionMask = 2147483647;
			files = (
				DD894A4423CB31AB00005DAD /* LaunchScreen.storyboard in Resources */,
				DD894A4123CB31AB00005DAD /* Assets.xcassets in Resources */,
				DD894A3F23CB31A700005DAD /* Main.storyboard in Resources */,
			);
			runOnlyForDeploymentPostprocessing = 0;
		};
/* End PBXResourcesBuildPhase section */

/* Begin PBXSourcesBuildPhase section */
		DD894A3023CB31A700005DAD /* Sources */ = {
			isa = PBXSourcesBuildPhase;
			buildActionMask = 2147483647;
			files = (
				DD894A3C23CB31A700005DAD /* DeviceViewController.swift in Sources */,
				DDDBA21B23D53CBC006460BA /* DeviceModel.xcdatamodeld in Sources */,
				DD894A3823CB31A700005DAD /* AppDelegate.swift in Sources */,
				DD894A3A23CB31A700005DAD /* SceneDelegate.swift in Sources */,
				DD96C29523D61C0B004027EC /* UserSettings.swift in Sources */,
				DD894A4E23CF7EA800005DAD /* DeviceCollectionViewCell.swift in Sources */,
				DD894A4C23CF698100005DAD /* Device.swift in Sources */,
				DD96C29723D621CB004027EC /* CoreDataStack.swift in Sources */,
			);
			runOnlyForDeploymentPostprocessing = 0;
		};
/* End PBXSourcesBuildPhase section */

/* Begin PBXVariantGroup section */
		DD894A3D23CB31A700005DAD /* Main.storyboard */ = {
			isa = PBXVariantGroup;
			children = (
				DD894A3E23CB31A700005DAD /* Base */,
			);
			name = Main.storyboard;
			sourceTree = "<group>";
		};
		DD894A4223CB31AB00005DAD /* LaunchScreen.storyboard */ = {
			isa = PBXVariantGroup;
			children = (
				DD894A4323CB31AB00005DAD /* Base */,
			);
			name = LaunchScreen.storyboard;
			sourceTree = "<group>";
		};
/* End PBXVariantGroup section */

/* Begin XCBuildConfiguration section */
		DD894A4623CB31AB00005DAD /* Debug */ = {
			isa = XCBuildConfiguration;
			buildSettings = {
				ALWAYS_SEARCH_USER_PATHS = NO;
				CLANG_ANALYZER_NONNULL = YES;
				CLANG_ANALYZER_NUMBER_OBJECT_CONVERSION = YES_AGGRESSIVE;
				CLANG_CXX_LANGUAGE_STANDARD = "gnu++14";
				CLANG_CXX_LIBRARY = "libc++";
				CLANG_ENABLE_MODULES = YES;
				CLANG_ENABLE_OBJC_ARC = YES;
				CLANG_ENABLE_OBJC_WEAK = YES;
				CLANG_WARN_BLOCK_CAPTURE_AUTORELEASING = YES;
				CLANG_WARN_BOOL_CONVERSION = YES;
				CLANG_WARN_COMMA = YES;
				CLANG_WARN_CONSTANT_CONVERSION = YES;
				CLANG_WARN_DEPRECATED_OBJC_IMPLEMENTATIONS = YES;
				CLANG_WARN_DIRECT_OBJC_ISA_USAGE = YES_ERROR;
				CLANG_WARN_DOCUMENTATION_COMMENTS = YES;
				CLANG_WARN_EMPTY_BODY = YES;
				CLANG_WARN_ENUM_CONVERSION = YES;
				CLANG_WARN_INFINITE_RECURSION = YES;
				CLANG_WARN_INT_CONVERSION = YES;
				CLANG_WARN_NON_LITERAL_NULL_CONVERSION = YES;
				CLANG_WARN_OBJC_IMPLICIT_RETAIN_SELF = YES;
				CLANG_WARN_OBJC_LITERAL_CONVERSION = YES;
				CLANG_WARN_OBJC_ROOT_CLASS = YES_ERROR;
				CLANG_WARN_RANGE_LOOP_ANALYSIS = YES;
				CLANG_WARN_STRICT_PROTOTYPES = YES;
				CLANG_WARN_SUSPICIOUS_MOVE = YES;
				CLANG_WARN_UNGUARDED_AVAILABILITY = YES_AGGRESSIVE;
				CLANG_WARN_UNREACHABLE_CODE = YES;
				CLANG_WARN__DUPLICATE_METHOD_MATCH = YES;
				COPY_PHASE_STRIP = NO;
				DEBUG_INFORMATION_FORMAT = dwarf;
				ENABLE_STRICT_OBJC_MSGSEND = YES;
				ENABLE_TESTABILITY = YES;
				GCC_C_LANGUAGE_STANDARD = gnu11;
				GCC_DYNAMIC_NO_PIC = NO;
				GCC_NO_COMMON_BLOCKS = YES;
				GCC_OPTIMIZATION_LEVEL = 0;
				GCC_PREPROCESSOR_DEFINITIONS = (
					"DEBUG=1",
					"$(inherited)",
				);
				GCC_WARN_64_TO_32_BIT_CONVERSION = YES;
				GCC_WARN_ABOUT_RETURN_TYPE = YES_ERROR;
				GCC_WARN_UNDECLARED_SELECTOR = YES;
				GCC_WARN_UNINITIALIZED_AUTOS = YES_AGGRESSIVE;
				GCC_WARN_UNUSED_FUNCTION = YES;
				GCC_WARN_UNUSED_VARIABLE = YES;
				IPHONEOS_DEPLOYMENT_TARGET = 13.2;
				MTL_ENABLE_DEBUG_INFO = INCLUDE_SOURCE;
				MTL_FAST_MATH = YES;
				ONLY_ACTIVE_ARCH = YES;
				SDKROOT = iphoneos;
				SWIFT_ACTIVE_COMPILATION_CONDITIONS = DEBUG;
				SWIFT_OPTIMIZATION_LEVEL = "-Onone";
			};
			name = Debug;
		};
		DD894A4723CB31AB00005DAD /* Release */ = {
			isa = XCBuildConfiguration;
			buildSettings = {
				ALWAYS_SEARCH_USER_PATHS = NO;
				CLANG_ANALYZER_NONNULL = YES;
				CLANG_ANALYZER_NUMBER_OBJECT_CONVERSION = YES_AGGRESSIVE;
				CLANG_CXX_LANGUAGE_STANDARD = "gnu++14";
				CLANG_CXX_LIBRARY = "libc++";
				CLANG_ENABLE_MODULES = YES;
				CLANG_ENABLE_OBJC_ARC = YES;
				CLANG_ENABLE_OBJC_WEAK = YES;
				CLANG_WARN_BLOCK_CAPTURE_AUTORELEASING = YES;
				CLANG_WARN_BOOL_CONVERSION = YES;
				CLANG_WARN_COMMA = YES;
				CLANG_WARN_CONSTANT_CONVERSION = YES;
				CLANG_WARN_DEPRECATED_OBJC_IMPLEMENTATIONS = YES;
				CLANG_WARN_DIRECT_OBJC_ISA_USAGE = YES_ERROR;
				CLANG_WARN_DOCUMENTATION_COMMENTS = YES;
				CLANG_WARN_EMPTY_BODY = YES;
				CLANG_WARN_ENUM_CONVERSION = YES;
				CLANG_WARN_INFINITE_RECURSION = YES;
				CLANG_WARN_INT_CONVERSION = YES;
				CLANG_WARN_NON_LITERAL_NULL_CONVERSION = YES;
				CLANG_WARN_OBJC_IMPLICIT_RETAIN_SELF = YES;
				CLANG_WARN_OBJC_LITERAL_CONVERSION = YES;
				CLANG_WARN_OBJC_ROOT_CLASS = YES_ERROR;
				CLANG_WARN_RANGE_LOOP_ANALYSIS = YES;
				CLANG_WARN_STRICT_PROTOTYPES = YES;
				CLANG_WARN_SUSPICIOUS_MOVE = YES;
				CLANG_WARN_UNGUARDED_AVAILABILITY = YES_AGGRESSIVE;
				CLANG_WARN_UNREACHABLE_CODE = YES;
				CLANG_WARN__DUPLICATE_METHOD_MATCH = YES;
				COPY_PHASE_STRIP = NO;
				DEBUG_INFORMATION_FORMAT = "dwarf-with-dsym";
				ENABLE_NS_ASSERTIONS = NO;
				ENABLE_STRICT_OBJC_MSGSEND = YES;
				GCC_C_LANGUAGE_STANDARD = gnu11;
				GCC_NO_COMMON_BLOCKS = YES;
				GCC_WARN_64_TO_32_BIT_CONVERSION = YES;
				GCC_WARN_ABOUT_RETURN_TYPE = YES_ERROR;
				GCC_WARN_UNDECLARED_SELECTOR = YES;
				GCC_WARN_UNINITIALIZED_AUTOS = YES_AGGRESSIVE;
				GCC_WARN_UNUSED_FUNCTION = YES;
				GCC_WARN_UNUSED_VARIABLE = YES;
				IPHONEOS_DEPLOYMENT_TARGET = 13.2;
				MTL_ENABLE_DEBUG_INFO = NO;
				MTL_FAST_MATH = YES;
				SDKROOT = iphoneos;
				SWIFT_COMPILATION_MODE = wholemodule;
				SWIFT_OPTIMIZATION_LEVEL = "-O";
				VALIDATE_PRODUCT = YES;
			};
			name = Release;
		};
		DD894A4923CB31AB00005DAD /* Debug */ = {
			isa = XCBuildConfiguration;
			buildSettings = {
				ASSETCATALOG_COMPILER_APPICON_NAME = AppIcon;
				CODE_SIGN_STYLE = Automatic;
				DEVELOPMENT_TEAM = "";
				INFOPLIST_FILE = "CollectionViewStickyCells/Supporting Files/Info.plist";
				LD_RUNPATH_SEARCH_PATHS = (
					"$(inherited)",
					"@executable_path/Frameworks",
				);
				PRODUCT_BUNDLE_IDENTIFIER = "com.jbm.file-a-radar.CollectionViewStickyCells";
				PRODUCT_NAME = "$(TARGET_NAME)";
				SWIFT_VERSION = 5.0;
				TARGETED_DEVICE_FAMILY = "1,2";
			};
			name = Debug;
		};
		DD894A4A23CB31AB00005DAD /* Release */ = {
			isa = XCBuildConfiguration;
			buildSettings = {
				ASSETCATALOG_COMPILER_APPICON_NAME = AppIcon;
				CODE_SIGN_STYLE = Automatic;
				DEVELOPMENT_TEAM = "";
				INFOPLIST_FILE = "CollectionViewStickyCells/Supporting Files/Info.plist";
				LD_RUNPATH_SEARCH_PATHS = (
					"$(inherited)",
					"@executable_path/Frameworks",
				);
				PRODUCT_BUNDLE_IDENTIFIER = "com.jbm.file-a-radar.CollectionViewStickyCells";
				PRODUCT_NAME = "$(TARGET_NAME)";
				SWIFT_VERSION = 5.0;
				TARGETED_DEVICE_FAMILY = "1,2";
			};
			name = Release;
		};
/* End XCBuildConfiguration section */

/* Begin XCConfigurationList section */
		DD894A2F23CB31A700005DAD /* Build configuration list for PBXProject "CollectionViewStickyCells" */ = {
			isa = XCConfigurationList;
			buildConfigurations = (
				DD894A4623CB31AB00005DAD /* Debug */,
				DD894A4723CB31AB00005DAD /* Release */,
			);
			defaultConfigurationIsVisible = 0;
			defaultConfigurationName = Release;
		};
		DD894A4823CB31AB00005DAD /* Build configuration list for PBXNativeTarget "CollectionViewStickyCells" */ = {
			isa = XCConfigurationList;
			buildConfigurations = (
				DD894A4923CB31AB00005DAD /* Debug */,
				DD894A4A23CB31AB00005DAD /* Release */,
			);
			defaultConfigurationIsVisible = 0;
			defaultConfigurationName = Release;
		};
/* End XCConfigurationList section */

/* Begin XCVersionGroup section */
		DDDBA21923D53CBC006460BA /* DeviceModel.xcdatamodeld */ = {
			isa = XCVersionGroup;
			children = (
				DDDBA21A23D53CBC006460BA /* DeviceModel.xcdatamodel */,
			);
			currentVersion = DDDBA21A23D53CBC006460BA /* DeviceModel.xcdatamodel */;
			path = DeviceModel.xcdatamodeld;
			sourceTree = "<group>";
			versionGroupType = wrapper.xcdatamodel;
		};
/* End XCVersionGroup section */
	};
	rootObject = DD894A2C23CB31A700005DAD /* Project object */;
}
